
Microsoft Visual Studio Solution File, Format Version 12.00
# Visual Studio Version 17
VisualStudioVersion = 17.7.34221.43
MinimumVisualStudioVersion = 10.0.40219.1
Project("{FAE04EC0-301F-11D3-BF4B-00C04F79EFBC}") = "PuzzleGame", "PuzzleGame\PuzzleGame.csproj", "{92E3A573-22D6-43DA-9817-A4D574D29D7E}"
EndProject
Global
	GlobalSection(SolutionConfigurationPlatforms) = preSolution
		Debug|Any CPU = Debug|Any CPU
		Release|Any CPU = Release|Any CPU
	EndGlobalSection
	GlobalSection(ProjectConfigurationPlatforms) = postSolution
		{92E3A573-22D6-43DA-9817-A4D574D29D7E}.Debug|Any CPU.ActiveCfg = Debug|Any CPU
		{92E3A573-22D6-43DA-9817-A4D574D29D7E}.Debug|Any CPU.Build.0 = Debug|Any CPU
		{92E3A573-22D6-43DA-9817-A4D574D29D7E}.Release|Any CPU.ActiveCfg = Release|Any CPU
		{92E3A573-22D6-43DA-9817-A4D574D29D7E}.Release|Any CPU.Build.0 = Release|Any CPU
	EndGlobalSection
	GlobalSection(SolutionProperties) = preSolution
		HideSolutionNode = FALSE
	EndGlobalSection
	GlobalSection(ExtensibilityGlobals) = postSolution
		SolutionGuid = {2D29EE6F-8F35-4EA1-A830-B068258D6FB4}
	EndGlobalSection
EndGlobal
